// !$*UTF8*$!
{
	archiveVersion = 1;
	classes = {
	};
	objectVersion = 46;
	objects = {

/* Begin PBXBuildFile section */
		98F30A051C2019520066A5C3 /* main.m in Sources */ = {isa = PBXBuildFile; fileRef = 98F30A041C2019520066A5C3 /* main.m */; };
		98F30A0B1C2019520066A5C3 /* ViewController.m in Sources */ = {isa = PBXBuildFile; fileRef = 98F30A0A1C2019520066A5C3 /* ViewController.m */; };
		98F30A101C2019520066A5C3 /* Assets.xcassets in Resources */ = {isa = PBXBuildFile; fileRef = 98F30A0F1C2019520066A5C3 /* Assets.xcassets */; };
		98F30A131C2019520066A5C3 /* LaunchScreen.storyboard in Resources */ = {isa = PBXBuildFile; fileRef = 98F30A111C2019520066A5C3 /* LaunchScreen.storyboard */; };
		98F30A1E1C2019520066A5C3 /* Ios_HomeUITests.m in Sources */ = {isa = PBXBuildFile; fileRef = 98F30A1D1C2019520066A5C3 /* Ios_HomeUITests.m */; };
		98F30A291C2019520066A5C3 /* Ios_HomeUIUITests.m in Sources */ = {isa = PBXBuildFile; fileRef = 98F30A281C2019520066A5C3 /* Ios_HomeUIUITests.m */; };
		F43398C41C202B880092A759 /* AppDelegate.m in Sources */ = {isa = PBXBuildFile; fileRef = F43398C31C202B880092A759 /* AppDelegate.m */; };
		F4E772D11C201A51002D8C33 /* MainViewController.m in Sources */ = {isa = PBXBuildFile; fileRef = F4E772C91C201A51002D8C33 /* MainViewController.m */; };
		F4E772D21C201A51002D8C33 /* CentreViewController.m in Sources */ = {isa = PBXBuildFile; fileRef = F4E772CB1C201A51002D8C33 /* CentreViewController.m */; };
		F4E772D31C201A51002D8C33 /* MenuViewController.m in Sources */ = {isa = PBXBuildFile; fileRef = F4E772CD1C201A51002D8C33 /* MenuViewController.m */; };
		F4E772D41C201A51002D8C33 /* MainTableViewController.m in Sources */ = {isa = PBXBuildFile; fileRef = F4E772CF1C201A51002D8C33 /* MainTableViewController.m */; };
		F4E772D51C201A51002D8C33 /* Main.storyboard in Resources */ = {isa = PBXBuildFile; fileRef = F4E772D01C201A51002D8C33 /* Main.storyboard */; };
		F4E772D81C201A8A002D8C33 /* NewOrderViewController.m in Sources */ = {isa = PBXBuildFile; fileRef = F4E772D71C201A8A002D8C33 /* NewOrderViewController.m */; };
		F4E772DB1C201A91002D8C33 /* ForFetchViewController.m in Sources */ = {isa = PBXBuildFile; fileRef = F4E772DA1C201A91002D8C33 /* ForFetchViewController.m */; };
		F4E772DE1C201A97002D8C33 /* DrawUpViewController.m in Sources */ = {isa = PBXBuildFile; fileRef = F4E772DD1C201A97002D8C33 /* DrawUpViewController.m */; };
		F4E772E11C201A9D002D8C33 /* SignInViewController.m in Sources */ = {isa = PBXBuildFile; fileRef = F4E772E01C201A9D002D8C33 /* SignInViewController.m */; };
/* End PBXBuildFile section */

/* Begin PBXContainerItemProxy section */
		98F30A1A1C2019520066A5C3 /* PBXContainerItemProxy */ = {
			isa = PBXContainerItemProxy;
			containerPortal = 98F309F81C2019520066A5C3 /* Project object */;
			proxyType = 1;
			remoteGlobalIDString = 98F309FF1C2019520066A5C3;
			remoteInfo = "Ios-HomeUI";
		};
		98F30A251C2019520066A5C3 /* PBXContainerItemProxy */ = {
			isa = PBXContainerItemProxy;
			containerPortal = 98F309F81C2019520066A5C3 /* Project object */;
			proxyType = 1;
			remoteGlobalIDString = 98F309FF1C2019520066A5C3;
			remoteInfo = "Ios-HomeUI";
		};
/* End PBXContainerItemProxy section */

/* Begin PBXFileReference section */
		98F30A001C2019520066A5C3 /* Ios-HomeUI.app */ = {isa = PBXFileReference; explicitFileType = wrapper.application; includeInIndex = 0; path = "Ios-HomeUI.app"; sourceTree = BUILT_PRODUCTS_DIR; };
		98F30A041C2019520066A5C3 /* main.m */ = {isa = PBXFileReference; lastKnownFileType = sourcecode.c.objc; path = main.m; sourceTree = "<group>"; };
		98F30A091C2019520066A5C3 /* ViewController.h */ = {isa = PBXFileReference; lastKnownFileType = sourcecode.c.h; path = ViewController.h; sourceTree = "<group>"; };
		98F30A0A1C2019520066A5C3 /* ViewController.m */ = {isa = PBXFileReference; lastKnownFileType = sourcecode.c.objc; path = ViewController.m; sourceTree = "<group>"; };
		98F30A0F1C2019520066A5C3 /* Assets.xcassets */ = {isa = PBXFileReference; lastKnownFileType = folder.assetcatalog; path = Assets.xcassets; sourceTree = "<group>"; };
		98F30A121C2019520066A5C3 /* Base */ = {isa = PBXFileReference; lastKnownFileType = file.storyboard; name = Base; path = Base.lproj/LaunchScreen.storyboard; sourceTree = "<group>"; };
		98F30A141C2019520066A5C3 /* Info.plist */ = {isa = PBXFileReference; lastKnownFileType = text.plist.xml; path = Info.plist; sourceTree = "<group>"; };
		98F30A191C2019520066A5C3 /* Ios-HomeUITests.xctest */ = {isa = PBXFileReference; explicitFileType = wrapper.cfbundle; includeInIndex = 0; path = "Ios-HomeUITests.xctest"; sourceTree = BUILT_PRODUCTS_DIR; };
		98F30A1D1C2019520066A5C3 /* Ios_HomeUITests.m */ = {isa = PBXFileReference; lastKnownFileType = sourcecode.c.objc; path = Ios_HomeUITests.m; sourceTree = "<group>"; };
		98F30A1F1C2019520066A5C3 /* Info.plist */ = {isa = PBXFileReference; lastKnownFileType = text.plist.xml; path = Info.plist; sourceTree = "<group>"; };
		98F30A241C2019520066A5C3 /* Ios-HomeUIUITests.xctest */ = {isa = PBXFileReference; explicitFileType = wrapper.cfbundle; includeInIndex = 0; path = "Ios-HomeUIUITests.xctest"; sourceTree = BUILT_PRODUCTS_DIR; };
		98F30A281C2019520066A5C3 /* Ios_HomeUIUITests.m */ = {isa = PBXFileReference; lastKnownFileType = sourcecode.c.objc; path = Ios_HomeUIUITests.m; sourceTree = "<group>"; };
		98F30A2A1C2019520066A5C3 /* Info.plist */ = {isa = PBXFileReference; lastKnownFileType = text.plist.xml; path = Info.plist; sourceTree = "<group>"; };
		F43398C21C202B830092A759 /* AppDelegate.h */ = {isa = PBXFileReference; lastKnownFileType = sourcecode.c.h; path = AppDelegate.h; sourceTree = "<group>"; };
		F43398C31C202B880092A759 /* AppDelegate.m */ = {isa = PBXFileReference; fileEncoding = 4; lastKnownFileType = sourcecode.c.objc; path = AppDelegate.m; sourceTree = "<group>"; };
		F4E772C81C201A51002D8C33 /* MainViewController.h */ = {isa = PBXFileReference; fileEncoding = 4; lastKnownFileType = sourcecode.c.h; path = MainViewController.h; sourceTree = "<group>"; };
		F4E772C91C201A51002D8C33 /* MainViewController.m */ = {isa = PBXFileReference; fileEncoding = 4; lastKnownFileType = sourcecode.c.objc; path = MainViewController.m; sourceTree = "<group>"; };
		F4E772CA1C201A51002D8C33 /* CentreViewController.h */ = {isa = PBXFileReference; fileEncoding = 4; lastKnownFileType = sourcecode.c.h; path = CentreViewController.h; sourceTree = "<group>"; };
		F4E772CB1C201A51002D8C33 /* CentreViewController.m */ = {isa = PBXFileReference; fileEncoding = 4; lastKnownFileType = sourcecode.c.objc; path = CentreViewController.m; sourceTree = "<group>"; };
		F4E772CC1C201A51002D8C33 /* MenuViewController.h */ = {isa = PBXFileReference; fileEncoding = 4; lastKnownFileType = sourcecode.c.h; path = MenuViewController.h; sourceTree = "<group>"; };
		F4E772CD1C201A51002D8C33 /* MenuViewController.m */ = {isa = PBXFileReference; fileEncoding = 4; lastKnownFileType = sourcecode.c.objc; path = MenuViewController.m; sourceTree = "<group>"; };
		F4E772CE1C201A51002D8C33 /* MainTableViewController.h */ = {isa = PBXFileReference; fileEncoding = 4; lastKnownFileType = sourcecode.c.h; path = MainTableViewController.h; sourceTree = "<group>"; };
		F4E772CF1C201A51002D8C33 /* MainTableViewController.m */ = {isa = PBXFileReference; fileEncoding = 4; lastKnownFileType = sourcecode.c.objc; path = MainTableViewController.m; sourceTree = "<group>"; };
		F4E772D01C201A51002D8C33 /* Main.storyboard */ = {isa = PBXFileReference; fileEncoding = 4; lastKnownFileType = file.storyboard; path = Main.storyboard; sourceTree = "<group>"; };
		F4E772D61C201A8A002D8C33 /* NewOrderViewController.h */ = {isa = PBXFileReference; fileEncoding = 4; lastKnownFileType = sourcecode.c.h; path = NewOrderViewController.h; sourceTree = "<group>"; };
		F4E772D71C201A8A002D8C33 /* NewOrderViewController.m */ = {isa = PBXFileReference; fileEncoding = 4; lastKnownFileType = sourcecode.c.objc; path = NewOrderViewController.m; sourceTree = "<group>"; };
		F4E772D91C201A91002D8C33 /* ForFetchViewController.h */ = {isa = PBXFileReference; fileEncoding = 4; lastKnownFileType = sourcecode.c.h; path = ForFetchViewController.h; sourceTree = "<group>"; };
		F4E772DA1C201A91002D8C33 /* ForFetchViewController.m */ = {isa = PBXFileReference; fileEncoding = 4; lastKnownFileType = sourcecode.c.objc; path = ForFetchViewController.m; sourceTree = "<group>"; };
		F4E772DC1C201A97002D8C33 /* DrawUpViewController.h */ = {isa = PBXFileReference; fileEncoding = 4; lastKnownFileType = sourcecode.c.h; path = DrawUpViewController.h; sourceTree = "<group>"; };
		F4E772DD1C201A97002D8C33 /* DrawUpViewController.m */ = {isa = PBXFileReference; fileEncoding = 4; lastKnownFileType = sourcecode.c.objc; path = DrawUpViewController.m; sourceTree = "<group>"; };
		F4E772DF1C201A9D002D8C33 /* SignInViewController.h */ = {isa = PBXFileReference; fileEncoding = 4; lastKnownFileType = sourcecode.c.h; path = SignInViewController.h; sourceTree = "<group>"; };
		F4E772E01C201A9D002D8C33 /* SignInViewController.m */ = {isa = PBXFileReference; fileEncoding = 4; lastKnownFileType = sourcecode.c.objc; path = SignInViewController.m; sourceTree = "<group>"; };
/* End PBXFileReference section */

/* Begin PBXFrameworksBuildPhase section */
		98F309FD1C2019520066A5C3 /* Frameworks */ = {
			isa = PBXFrameworksBuildPhase;
			buildActionMask = 2147483647;
			files = (
			);
			runOnlyForDeploymentPostprocessing = 0;
		};
		98F30A161C2019520066A5C3 /* Frameworks */ = {
			isa = PBXFrameworksBuildPhase;
			buildActionMask = 2147483647;
			files = (
			);
			runOnlyForDeploymentPostprocessing = 0;
		};
		98F30A211C2019520066A5C3 /* Frameworks */ = {
			isa = PBXFrameworksBuildPhase;
			buildActionMask = 2147483647;
			files = (
			);
			runOnlyForDeploymentPostprocessing = 0;
		};
/* End PBXFrameworksBuildPhase section */

/* Begin PBXGroup section */
		98F309F71C2019520066A5C3 = {
			isa = PBXGroup;
			children = (
				98F30A021C2019520066A5C3 /* Ios-HomeUI */,
				98F30A1C1C2019520066A5C3 /* Ios-HomeUITests */,
				98F30A271C2019520066A5C3 /* Ios-HomeUIUITests */,
				98F30A011C2019520066A5C3 /* Products */,
			);
			sourceTree = "<group>";
		};
		98F30A011C2019520066A5C3 /* Products */ = {
			isa = PBXGroup;
			children = (
				98F30A001C2019520066A5C3 /* Ios-HomeUI.app */,
				98F30A191C2019520066A5C3 /* Ios-HomeUITests.xctest */,
				98F30A241C2019520066A5C3 /* Ios-HomeUIUITests.xctest */,
			);
			name = Products;
			sourceTree = "<group>";
		};
		98F30A021C2019520066A5C3 /* Ios-HomeUI */ = {
			isa = PBXGroup;
			children = (
				F4E772DF1C201A9D002D8C33 /* SignInViewController.h */,
				F4E772E01C201A9D002D8C33 /* SignInViewController.m */,
				F4E772DC1C201A97002D8C33 /* DrawUpViewController.h */,
				F4E772DD1C201A97002D8C33 /* DrawUpViewController.m */,
				F4E772D91C201A91002D8C33 /* ForFetchViewController.h */,
				F4E772DA1C201A91002D8C33 /* ForFetchViewController.m */,
				F4E772D61C201A8A002D8C33 /* NewOrderViewController.h */,
				F4E772D71C201A8A002D8C33 /* NewOrderViewController.m */,
				F4E772C81C201A51002D8C33 /* MainViewController.h */,
				F4E772C91C201A51002D8C33 /* MainViewController.m */,
				F4E772CA1C201A51002D8C33 /* CentreViewController.h */,
				F4E772CB1C201A51002D8C33 /* CentreViewController.m */,
				F4E772CC1C201A51002D8C33 /* MenuViewController.h */,
				F4E772CD1C201A51002D8C33 /* MenuViewController.m */,
				F4E772CE1C201A51002D8C33 /* MainTableViewController.h */,
				F4E772CF1C201A51002D8C33 /* MainTableViewController.m */,
				F4E772D01C201A51002D8C33 /* Main.storyboard */,
				98F30A091C2019520066A5C3 /* ViewController.h */,
				98F30A0A1C2019520066A5C3 /* ViewController.m */,
				98F30A0F1C2019520066A5C3 /* Assets.xcassets */,
				98F30A031C2019520066A5C3 /* Supporting Files */,
			);
			path = "Ios-HomeUI";
			sourceTree = "<group>";
		};
		98F30A031C2019520066A5C3 /* Supporting Files */ = {
			isa = PBXGroup;
			children = (
				F43398C21C202B830092A759 /* AppDelegate.h */,
				F43398C31C202B880092A759 /* AppDelegate.m */,
				98F30A111C2019520066A5C3 /* LaunchScreen.storyboard */,
				98F30A141C2019520066A5C3 /* Info.plist */,
				98F30A041C2019520066A5C3 /* main.m */,
			);
			name = "Supporting Files";
			sourceTree = "<group>";
		};
		98F30A1C1C2019520066A5C3 /* Ios-HomeUITests */ = {
			isa = PBXGroup;
			children = (
				98F30A1D1C2019520066A5C3 /* Ios_HomeUITests.m */,
				98F30A1F1C2019520066A5C3 /* Info.plist */,
			);
			path = "Ios-HomeUITests";
			sourceTree = "<group>";
		};
		98F30A271C2019520066A5C3 /* Ios-HomeUIUITests */ = {
			isa = PBXGroup;
			children = (
				98F30A281C2019520066A5C3 /* Ios_HomeUIUITests.m */,
				98F30A2A1C2019520066A5C3 /* Info.plist */,
			);
			path = "Ios-HomeUIUITests";
			sourceTree = "<group>";
		};
/* End PBXGroup section */

/* Begin PBXNativeTarget section */
		98F309FF1C2019520066A5C3 /* Ios-HomeUI */ = {
			isa = PBXNativeTarget;
			buildConfigurationList = 98F30A2D1C2019520066A5C3 /* Build configuration list for PBXNativeTarget "Ios-HomeUI" */;
			buildPhases = (
				98F309FC1C2019520066A5C3 /* Sources */,
				98F309FD1C2019520066A5C3 /* Frameworks */,
				98F309FE1C2019520066A5C3 /* Resources */,
			);
			buildRules = (
			);
			dependencies = (
			);
			name = "Ios-HomeUI";
			productName = "Ios-HomeUI";
			productReference = 98F30A001C2019520066A5C3 /* Ios-HomeUI.app */;
			productType = "com.apple.product-type.application";
		};
		98F30A181C2019520066A5C3 /* Ios-HomeUITests */ = {
			isa = PBXNativeTarget;
			buildConfigurationList = 98F30A301C2019520066A5C3 /* Build configuration list for PBXNativeTarget "Ios-HomeUITests" */;
			buildPhases = (
				98F30A151C2019520066A5C3 /* Sources */,
				98F30A161C2019520066A5C3 /* Frameworks */,
				98F30A171C2019520066A5C3 /* Resources */,
			);
			buildRules = (
			);
			dependencies = (
				98F30A1B1C2019520066A5C3 /* PBXTargetDependency */,
			);
			name = "Ios-HomeUITests";
			productName = "Ios-HomeUITests";
			productReference = 98F30A191C2019520066A5C3 /* Ios-HomeUITests.xctest */;
			productType = "com.apple.product-type.bundle.unit-test";
		};
		98F30A231C2019520066A5C3 /* Ios-HomeUIUITests */ = {
			isa = PBXNativeTarget;
			buildConfigurationList = 98F30A331C2019520066A5C3 /* Build configuration list for PBXNativeTarget "Ios-HomeUIUITests" */;
			buildPhases = (
				98F30A201C2019520066A5C3 /* Sources */,
				98F30A211C2019520066A5C3 /* Frameworks */,
				98F30A221C2019520066A5C3 /* Resources */,
			);
			buildRules = (
			);
			dependencies = (
				98F30A261C2019520066A5C3 /* PBXTargetDependency */,
			);
			name = "Ios-HomeUIUITests";
			productName = "Ios-HomeUIUITests";
			productReference = 98F30A241C2019520066A5C3 /* Ios-HomeUIUITests.xctest */;
			productType = "com.apple.product-type.bundle.ui-testing";
		};
/* End PBXNativeTarget section */

/* Begin PBXProject section */
		98F309F81C2019520066A5C3 /* Project object */ = {
			isa = PBXProject;
			attributes = {
				LastUpgradeCheck = 0710;
				ORGANIZATIONNAME = jph;
				TargetAttributes = {
					98F309FF1C2019520066A5C3 = {
						CreatedOnToolsVersion = 7.1.1;
						DevelopmentTeam = N85KAYTKH3;
					};
					98F30A181C2019520066A5C3 = {
						CreatedOnToolsVersion = 7.1.1;
						DevelopmentTeam = N85KAYTKH3;
						TestTargetID = 98F309FF1C2019520066A5C3;
					};
					98F30A231C2019520066A5C3 = {
						CreatedOnToolsVersion = 7.1.1;
						DevelopmentTeam = N85KAYTKH3;
						TestTargetID = 98F309FF1C2019520066A5C3;
					};
				};
			};
			buildConfigurationList = 98F309FB1C2019520066A5C3 /* Build configuration list for PBXProject "Ios-HomeUI" */;
			compatibilityVersion = "Xcode 3.2";
			developmentRegion = English;
			hasScannedForEncodings = 0;
			knownRegions = (
				en,
				Base,
			);
			mainGroup = 98F309F71C2019520066A5C3;
			productRefGroup = 98F30A011C2019520066A5C3 /* Products */;
			projectDirPath = "";
			projectRoot = "";
			targets = (
				98F309FF1C2019520066A5C3 /* Ios-HomeUI */,
				98F30A181C2019520066A5C3 /* Ios-HomeUITests */,
				98F30A231C2019520066A5C3 /* Ios-HomeUIUITests */,
			);
		};
/* End PBXProject section */

/* Begin PBXResourcesBuildPhase section */
		98F309FE1C2019520066A5C3 /* Resources */ = {
			isa = PBXResourcesBuildPhase;
			buildActionMask = 2147483647;
			files = (
				98F30A131C2019520066A5C3 /* LaunchScreen.storyboard in Resources */,
				98F30A101C2019520066A5C3 /* Assets.xcassets in Resources */,
				F4E772D51C201A51002D8C33 /* Main.storyboard in Resources */,
			);
			runOnlyForDeploymentPostprocessing = 0;
		};
		98F30A171C2019520066A5C3 /* Resources */ = {
			isa = PBXResourcesBuildPhase;
			buildActionMask = 2147483647;
			files = (
			);
			runOnlyForDeploymentPostprocessing = 0;
		};
		98F30A221C2019520066A5C3 /* Resources */ = {
			isa = PBXResourcesBuildPhase;
			buildActionMask = 2147483647;
			files = (
			);
			runOnlyForDeploymentPostprocessing = 0;
		};
/* End PBXResourcesBuildPhase section */

/* Begin PBXSourcesBuildPhase section */
		98F309FC1C2019520066A5C3 /* Sources */ = {
			isa = PBXSourcesBuildPhase;
			buildActionMask = 2147483647;
			files = (
				F43398C41C202B880092A759 /* AppDelegate.m in Sources */,
				F4E772D81C201A8A002D8C33 /* NewOrderViewController.m in Sources */,
				F4E772D21C201A51002D8C33 /* CentreViewController.m in Sources */,
				F4E772D31C201A51002D8C33 /* MenuViewController.m in Sources */,
				F4E772DE1C201A97002D8C33 /* DrawUpViewController.m in Sources */,
				F4E772E11C201A9D002D8C33 /* SignInViewController.m in Sources */,
				F4E772D41C201A51002D8C33 /* MainTableViewController.m in Sources */,
				98F30A0B1C2019520066A5C3 /* ViewController.m in Sources */,
				98F30A051C2019520066A5C3 /* main.m in Sources */,
				F4E772DB1C201A91002D8C33 /* ForFetchViewController.m in Sources */,
				F4E772D11C201A51002D8C33 /* MainViewController.m in Sources */,
			);
			runOnlyForDeploymentPostprocessing = 0;
		};
		98F30A151C2019520066A5C3 /* Sources */ = {
			isa = PBXSourcesBuildPhase;
			buildActionMask = 2147483647;
			files = (
				98F30A1E1C2019520066A5C3 /* Ios_HomeUITests.m in Sources */,
			);
			runOnlyForDeploymentPostprocessing = 0;
		};
		98F30A201C2019520066A5C3 /* Sources */ = {
			isa = PBXSourcesBuildPhase;
			buildActionMask = 2147483647;
			files = (
				98F30A291C2019520066A5C3 /* Ios_HomeUIUITests.m in Sources */,
			);
			runOnlyForDeploymentPostprocessing = 0;
		};
/* End PBXSourcesBuildPhase section */

/* Begin PBXTargetDependency section */
		98F30A1B1C2019520066A5C3 /* PBXTargetDependency */ = {
			isa = PBXTargetDependency;
			target = 98F309FF1C2019520066A5C3 /* Ios-HomeUI */;
			targetProxy = 98F30A1A1C2019520066A5C3 /* PBXContainerItemProxy */;
		};
		98F30A261C2019520066A5C3 /* PBXTargetDependency */ = {
			isa = PBXTargetDependency;
			target = 98F309FF1C2019520066A5C3 /* Ios-HomeUI */;
			targetProxy = 98F30A251C2019520066A5C3 /* PBXContainerItemProxy */;
		};
/* End PBXTargetDependency section */

/* Begin PBXVariantGroup section */
		98F30A111C2019520066A5C3 /* LaunchScreen.storyboard */ = {
			isa = PBXVariantGroup;
			children = (
				98F30A121C2019520066A5C3 /* Base */,
			);
			name = LaunchScreen.storyboard;
			sourceTree = "<group>";
		};
/* End PBXVariantGroup section */

/* Begin XCBuildConfiguration section */
		98F30A2B1C2019520066A5C3 /* Debug */ = {
			isa = XCBuildConfiguration;
			buildSettings = {
				ALWAYS_SEARCH_USER_PATHS = NO;
				CLANG_CXX_LANGUAGE_STANDARD = "gnu++0x";
				CLANG_CXX_LIBRARY = "libc++";
				CLANG_ENABLE_MODULES = YES;
				CLANG_ENABLE_OBJC_ARC = YES;
				CLANG_WARN_BOOL_CONVERSION = YES;
				CLANG_WARN_CONSTANT_CONVERSION = YES;
				CLANG_WARN_DIRECT_OBJC_ISA_USAGE = YES_ERROR;
				CLANG_WARN_EMPTY_BODY = YES;
				CLANG_WARN_ENUM_CONVERSION = YES;
				CLANG_WARN_INT_CONVERSION = YES;
				CLANG_WARN_OBJC_ROOT_CLASS = YES_ERROR;
				CLANG_WARN_UNREACHABLE_CODE = YES;
				CLANG_WARN__DUPLICATE_METHOD_MATCH = YES;
				"CODE_SIGN_IDENTITY[sdk=iphoneos*]" = "iPhone Developer";
				COPY_PHASE_STRIP = NO;
				DEBUG_INFORMATION_FORMAT = dwarf;
				ENABLE_STRICT_OBJC_MSGSEND = YES;
				ENABLE_TESTABILITY = YES;
				GCC_C_LANGUAGE_STANDARD = gnu99;
				GCC_DYNAMIC_NO_PIC = NO;
				GCC_NO_COMMON_BLOCKS = YES;
				GCC_OPTIMIZATION_LEVEL = 0;
				GCC_PREPROCESSOR_DEFINITIONS = (
					"DEBUG=1",
					"$(inherited)",
				);
				GCC_WARN_64_TO_32_BIT_CONVERSION = YES;
				GCC_WARN_ABOUT_RETURN_TYPE = YES_ERROR;
				GCC_WARN_UNDECLARED_SELECTOR = YES;
				GCC_WARN_UNINITIALIZED_AUTOS = YES_AGGRESSIVE;
				GCC_WARN_UNUSED_FUNCTION = YES;
				GCC_WARN_UNUSED_VARIABLE = YES;
				IPHONEOS_DEPLOYMENT_TARGET = 9.1;
				MTL_ENABLE_DEBUG_INFO = YES;
				ONLY_ACTIVE_ARCH = YES;
				SDKROOT = iphoneos;
				TARGETED_DEVICE_FAMILY = "1,2";
			};
			name = Debug;
		};
		98F30A2C1C2019520066A5C3 /* Release */ = {
			isa = XCBuildConfiguration;
			buildSettings = {
				ALWAYS_SEARCH_USER_PATHS = NO;
				CLANG_CXX_LANGUAGE_STANDARD = "gnu++0x";
				CLANG_CXX_LIBRARY = "libc++";
				CLANG_ENABLE_MODULES = YES;
				CLANG_ENABLE_OBJC_ARC = YES;
				CLANG_WARN_BOOL_CONVERSION = YES;
				CLANG_WARN_CONSTANT_CONVERSION = YES;
				CLANG_WARN_DIRECT_OBJC_ISA_USAGE = YES_ERROR;
				CLANG_WARN_EMPTY_BODY = YES;
				CLANG_WARN_ENUM_CONVERSION = YES;
				CLANG_WARN_INT_CONVERSION = YES;
				CLANG_WARN_OBJC_ROOT_CLASS = YES_ERROR;
				CLANG_WARN_UNREACHABLE_CODE = YES;
				CLANG_WARN__DUPLICATE_METHOD_MATCH = YES;
				"CODE_SIGN_IDENTITY[sdk=iphoneos*]" = "iPhone Developer";
				COPY_PHASE_STRIP = NO;
				DEBUG_INFORMATION_FORMAT = "dwarf-with-dsym";
				ENABLE_NS_ASSERTIONS = NO;
				ENABLE_STRICT_OBJC_MSGSEND = YES;
				GCC_C_LANGUAGE_STANDARD = gnu99;
				GCC_NO_COMMON_BLOCKS = YES;
				GCC_WARN_64_TO_32_BIT_CONVERSION = YES;
				GCC_WARN_ABOUT_RETURN_TYPE = YES_ERROR;
				GCC_WARN_UNDECLARED_SELECTOR = YES;
				GCC_WARN_UNINITIALIZED_AUTOS = YES_AGGRESSIVE;
				GCC_WARN_UNUSED_FUNCTION = YES;
				GCC_WARN_UNUSED_VARIABLE = YES;
				IPHONEOS_DEPLOYMENT_TARGET = 9.1;
				MTL_ENABLE_DEBUG_INFO = NO;
				SDKROOT = iphoneos;
				TARGETED_DEVICE_FAMILY = "1,2";
				VALIDATE_PRODUCT = YES;
			};
			name = Release;
		};
		98F30A2E1C2019520066A5C3 /* Debug */ = {
			isa = XCBuildConfiguration;
			buildSettings = {
				ASSETCATALOG_COMPILER_APPICON_NAME = AppIcon;
				INFOPLIST_FILE = "Ios-HomeUI/Info.plist";
				LD_RUNPATH_SEARCH_PATHS = "$(inherited) @executable_path/Frameworks";
				PRODUCT_BUNDLE_IDENTIFIER = "com.jph.ios.homeui.Ios-HomeUI";
				PRODUCT_NAME = "$(TARGET_NAME)";
			};
			name = Debug;
		};
		98F30A2F1C2019520066A5C3 /* Release */ = {
			isa = XCBuildConfiguration;
			buildSettings = {
				ASSETCATALOG_COMPILER_APPICON_NAME = AppIcon;
				INFOPLIST_FILE = "Ios-HomeUI/Info.plist";
				LD_RUNPATH_SEARCH_PATHS = "$(inherited) @executable_path/Frameworks";
				PRODUCT_BUNDLE_IDENTIFIER = "com.jph.ios.homeui.Ios-HomeUI";
				PRODUCT_NAME = "$(TARGET_NAME)";
			};
			name = Release;
		};
		98F30A311C2019520066A5C3 /* Debug */ = {
			isa = XCBuildConfiguration;
			buildSettings = {
				BUNDLE_LOADER = "$(TEST_HOST)";
				INFOPLIST_FILE = "Ios-HomeUITests/Info.plist";
				LD_RUNPATH_SEARCH_PATHS = "$(inherited) @executable_path/Frameworks @loader_path/Frameworks";
				PRODUCT_BUNDLE_IDENTIFIER = "com.jph.ios.homeui.Ios-HomeUITests";
				PRODUCT_NAME = "$(TARGET_NAME)";
				TEST_HOST = "$(BUILT_PRODUCTS_DIR)/Ios-HomeUI.app/Ios-HomeUI";
			};
			name = Debug;
		};
		98F30A321C2019520066A5C3 /* Release */ = {
			isa = XCBuildConfiguration;
			buildSettings = {
				BUNDLE_LOADER = "$(TEST_HOST)";
				INFOPLIST_FILE = "Ios-HomeUITests/Info.plist";
				LD_RUNPATH_SEARCH_PATHS = "$(inherited) @executable_path/Frameworks @loader_path/Frameworks";
				PRODUCT_BUNDLE_IDENTIFIER = "com.jph.ios.homeui.Ios-HomeUITests";
				PRODUCT_NAME = "$(TARGET_NAME)";
				TEST_HOST = "$(BUILT_PRODUCTS_DIR)/Ios-HomeUI.app/Ios-HomeUI";
			};
			name = Release;
		};
		98F30A341C2019520066A5C3 /* Debug */ = {
			isa = XCBuildConfiguration;
			buildSettings = {
				INFOPLIST_FILE = "Ios-HomeUIUITests/Info.plist";
				LD_RUNPATH_SEARCH_PATHS = "$(inherited) @executable_path/Frameworks @loader_path/Frameworks";
				PRODUCT_BUNDLE_IDENTIFIER = "com.jph.ios.homeui.Ios-HomeUIUITests";
				PRODUCT_NAME = "$(TARGET_NAME)";
				TEST_TARGET_NAME = "Ios-HomeUI";
				USES_XCTRUNNER = YES;
			};
			name = Debug;
		};
		98F30A351C2019520066A5C3 /* Release */ = {
			isa = XCBuildConfiguration;
			buildSettings = {
				INFOPLIST_FILE = "Ios-HomeUIUITests/Info.plist";
				LD_RUNPATH_SEARCH_PATHS = "$(inherited) @executable_path/Frameworks @loader_path/Frameworks";
				PRODUCT_BUNDLE_IDENTIFIER = "com.jph.ios.homeui.Ios-HomeUIUITests";
				PRODUCT_NAME = "$(TARGET_NAME)";
				TEST_TARGET_NAME = "Ios-HomeUI";
				USES_XCTRUNNER = YES;
			};
			name = Release;
		};
/* End XCBuildConfiguration section */

/* Begin XCConfigurationList section */
		98F309FB1C2019520066A5C3 /* Build configuration list for PBXProject "Ios-HomeUI" */ = {
			isa = XCConfigurationList;
			buildConfigurations = (
				98F30A2B1C2019520066A5C3 /* Debug */,
				98F30A2C1C2019520066A5C3 /* Release */,
			);
			defaultConfigurationIsVisible = 0;
			defaultConfigurationName = Release;
		};
		98F30A2D1C2019520066A5C3 /* Build configuration list for PBXNativeTarget "Ios-HomeUI" */ = {
			isa = XCConfigurationList;
			buildConfigurations = (
				98F30A2E1C2019520066A5C3 /* Debug */,
				98F30A2F1C2019520066A5C3 /* Release */,
			);
			defaultConfigurationIsVisible = 0;
			defaultConfigurationName = Release;
		};
		98F30A301C2019520066A5C3 /* Build configuration list for PBXNativeTarget "Ios-HomeUITests" */ = {
			isa = XCConfigurationList;
			buildConfigurations = (
				98F30A311C2019520066A5C3 /* Debug */,
				98F30A321C2019520066A5C3 /* Release */,
			);
			defaultConfigurationIsVisible = 0;
			defaultConfigurationName = Release;
		};
		98F30A331C2019520066A5C3 /* Build configuration list for PBXNativeTarget "Ios-HomeUIUITests" */ = {
			isa = XCConfigurationList;
			buildConfigurations = (
				98F30A341C2019520066A5C3 /* Debug */,
				98F30A351C2019520066A5C3 /* Release */,
			);
			defaultConfigurationIsVisible = 0;
			defaultConfigurationName = Release;
		};
/* End XCConfigurationList section */
	};
	rootObject = 98F309F81C2019520066A5C3 /* Project object */;
}
